
Microsoft Visual Studio Solution File, Format Version 12.00
# Visual Studio Version 16
VisualStudioVersion = 16.0.31410.357
MinimumVisualStudioVersion = 10.0.40219.1
Project("{9A19103F-16F7-4668-BE54-9A1E7A4F7556}") = "Entities", "Entities\Entities.csproj", "{EFEA9403-75FC-491D-9A1D-C17C09361D0E}"
EndProject
Project("{9A19103F-16F7-4668-BE54-9A1E7A4F7556}") = "Core", "Core\Core.csproj", "{3833EEFA-C1E8-457A-91A9-26CE9AC5F0E2}"
EndProject
Project("{9A19103F-16F7-4668-BE54-9A1E7A4F7556}") = "DataAccess", "DataAccess\DataAccess.csproj", "{2B8841C5-97B4-4C7A-9E15-5AF412AFD181}"
EndProject
Project("{9A19103F-16F7-4668-BE54-9A1E7A4F7556}") = "Business", "Business\Business.csproj", "{B4A93C31-3D39-48E1-A32E-9CBDB254D1BB}"
EndProject
Project("{FAE04EC0-301F-11D3-BF4B-00C04F79EFBC}") = "WebAPI", "WebAPI\WebAPI.csproj", "{28782285-3521-47F7-848B-9ADDC76EDF2C}"
EndProject
Global
	GlobalSection(SolutionConfigurationPlatforms) = preSolution
		Debug|Any CPU = Debug|Any CPU
		Release|Any CPU = Release|Any CPU
	EndGlobalSection
	GlobalSection(ProjectConfigurationPlatforms) = postSolution
		{EFEA9403-75FC-491D-9A1D-C17C09361D0E}.Debug|Any CPU.ActiveCfg = Debug|Any CPU
		{EFEA9403-75FC-491D-9A1D-C17C09361D0E}.Debug|Any CPU.Build.0 = Debug|Any CPU
		{EFEA9403-75FC-491D-9A1D-C17C09361D0E}.Release|Any CPU.ActiveCfg = Release|Any CPU
		{EFEA9403-75FC-491D-9A1D-C17C09361D0E}.Release|Any CPU.Build.0 = Release|Any CPU
		{3833EEFA-C1E8-457A-91A9-26CE9AC5F0E2}.Debug|Any CPU.ActiveCfg = Debug|Any CPU
		{3833EEFA-C1E8-457A-91A9-26CE9AC5F0E2}.Debug|Any CPU.Build.0 = Debug|Any CPU
		{3833EEFA-C1E8-457A-91A9-26CE9AC5F0E2}.Release|Any CPU.ActiveCfg = Release|Any CPU
		{3833EEFA-C1E8-457A-91A9-26CE9AC5F0E2}.Release|Any CPU.Build.0 = Release|Any CPU
		{2B8841C5-97B4-4C7A-9E15-5AF412AFD181}.Debug|Any CPU.ActiveCfg = Debug|Any CPU
		{2B8841C5-97B4-4C7A-9E15-5AF412AFD181}.Debug|Any CPU.Build.0 = Debug|Any CPU
		{2B8841C5-97B4-4C7A-9E15-5AF412AFD181}.Release|Any CPU.ActiveCfg = Release|Any CPU
		{2B8841C5-97B4-4C7A-9E15-5AF412AFD181}.Release|Any CPU.Build.0 = Release|Any CPU
		{B4A93C31-3D39-48E1-A32E-9CBDB254D1BB}.Debug|Any CPU.ActiveCfg = Debug|Any CPU
		{B4A93C31-3D39-48E1-A32E-9CBDB254D1BB}.Debug|Any CPU.Build.0 = Debug|Any CPU
		{B4A93C31-3D39-48E1-A32E-9CBDB254D1BB}.Release|Any CPU.ActiveCfg = Release|Any CPU
		{B4A93C31-3D39-48E1-A32E-9CBDB254D1BB}.Release|Any CPU.Build.0 = Release|Any CPU
		{28782285-3521-47F7-848B-9ADDC76EDF2C}.Debug|Any CPU.ActiveCfg = Debug|Any CPU
		{28782285-3521-47F7-848B-9ADDC76EDF2C}.Debug|Any CPU.Build.0 = Debug|Any CPU
		{28782285-3521-47F7-848B-9ADDC76EDF2C}.Release|Any CPU.ActiveCfg = Release|Any CPU
		{28782285-3521-47F7-848B-9ADDC76EDF2C}.Release|Any CPU.Build.0 = Release|Any CPU
	EndGlobalSection
	GlobalSection(SolutionProperties) = preSolution
		HideSolutionNode = FALSE
	EndGlobalSection
	GlobalSection(ExtensibilityGlobals) = postSolution
		SolutionGuid = {B810CA8B-8625-4704-908F-3C8880E9447F}
	EndGlobalSection
EndGlobal
